
Microsoft Visual Studio Solution File, Format Version 12.00
# Visual Studio Version 16
VisualStudioVersion = 16.0.31129.286
MinimumVisualStudioVersion = 10.0.40219.1
Project("{FAE04EC0-301F-11D3-BF4B-00C04F79EFBC}") = "PAA_MVC_2021", "PAA_MVC_2021\PAA_MVC_2021.csproj", "{448FECD8-D4A6-4648-BC8D-642BB3843FFE}"
EndProject
Global
	GlobalSection(SolutionConfigurationPlatforms) = preSolution
		Debug|Any CPU = Debug|Any CPU
		Release|Any CPU = Release|Any CPU
	EndGlobalSection
	GlobalSection(ProjectConfigurationPlatforms) = postSolution
		{448FECD8-D4A6-4648-BC8D-642BB3843FFE}.Debug|Any CPU.ActiveCfg = Debug|Any CPU
		{448FECD8-D4A6-4648-BC8D-642BB3843FFE}.Debug|Any CPU.Build.0 = Debug|Any CPU
		{448FECD8-D4A6-4648-BC8D-642BB3843FFE}.Release|Any CPU.ActiveCfg = Release|Any CPU
		{448FECD8-D4A6-4648-BC8D-642BB3843FFE}.Release|Any CPU.Build.0 = Release|Any CPU
	EndGlobalSection
	GlobalSection(SolutionProperties) = preSolution
		HideSolutionNode = FALSE
	EndGlobalSection
	GlobalSection(ExtensibilityGlobals) = postSolution
		SolutionGuid = {DF225D21-2241-4410-9703-4B0CBEE8719B}
	EndGlobalSection
EndGlobal
